
Microsoft Visual Studio Solution File, Format Version 12.00
# Visual Studio Version 17
VisualStudioVersion = 17.5.33627.172
MinimumVisualStudioVersion = 10.0.40219.1
Project("{9A19103F-16F7-4668-BE54-9A1E7A4F7556}") = "01Generics", "01Generics\01Generics.csproj", "{C9B005B6-2E26-470F-940E-37A5D9CA8B6F}"
EndProject
Project("{2150E333-8FDC-42A3-9474-1A3956D46DE8}") = "Exercicios", "Exercicios", "{C5435220-CDA2-46FA-A2AA-22EE5C5E1F3E}"
EndProject
Project("{9A19103F-16F7-4668-BE54-9A1E7A4F7556}") = "Exercicio01", "Exercicio01\Exercicio01.csproj", "{8D923841-EE5A-4C0E-A9D8-B83C2D479526}"
EndProject
Project("{9A19103F-16F7-4668-BE54-9A1E7A4F7556}") = "02GetHashCode_Equals", "02GetHashCode_Equals\02GetHashCode_Equals.csproj", "{19816F9C-E2BD-4A19-A506-E05EA237D750}"
EndProject
Project("{9A19103F-16F7-4668-BE54-9A1E7A4F7556}") = "02_1ExemploGetHashCde_Equals", "02_1ExemploGetHashCde_Equals\02_1ExemploGetHashCde_Equals.csproj", "{8D49CFC1-28D6-48C0-BAC3-9F1CF61A8EC2}"
EndProject
Project("{9A19103F-16F7-4668-BE54-9A1E7A4F7556}") = "03Dictionary", "03Dictionary\03Dictionary.csproj", "{91A5B37C-D0E9-4D3D-9CFC-4B77BA9424D7}"
EndProject
Project("{9A19103F-16F7-4668-BE54-9A1E7A4F7556}") = "Exercicio02", "Exercicio02\Exercicio02.csproj", "{B17A2A72-D857-4405-AE20-87B64F286C8E}"
EndProject
Project("{9A19103F-16F7-4668-BE54-9A1E7A4F7556}") = "Exercicio02_1", "Exercicio02_1\Exercicio02_1.csproj", "{CA07D738-34DF-435C-B512-40B1EDF94A87}"
EndProject
Project("{9A19103F-16F7-4668-BE54-9A1E7A4F7556}") = "04SortedDictionary", "04SortedDictionary\04SortedDictionary.csproj", "{8EC17162-AA5A-45B2-A49A-A54E5E6A1CA3}"
EndProject
Project("{FAE04EC0-301F-11D3-BF4B-00C04F79EFBC}") = "05HashSet", "05HashSet\05HashSet.csproj", "{4020D486-D483-4074-9F0F-A256E4B77A80}"
EndProject
Project("{FAE04EC0-301F-11D3-BF4B-00C04F79EFBC}") = "05_1HashSet", "05_1HashSet\05_1HashSet.csproj", "{F5921FE4-71D4-481A-9E6D-FFF81203AA02}"
EndProject
Project("{FAE04EC0-301F-11D3-BF4B-00C04F79EFBC}") = "06SortedSet", "06SortedSet\06SortedSet.csproj", "{0A58537F-F795-49A0-809D-1D0F3761AD32}"
EndProject
Project("{FAE04EC0-301F-11D3-BF4B-00C04F79EFBC}") = "07Stack", "07Stack\07Stack.csproj", "{1A9AC591-5D09-422E-83CB-5E7C42FACA07}"
EndProject
Project("{FAE04EC0-301F-11D3-BF4B-00C04F79EFBC}") = "08StackUndo", "08StackUndo\08StackUndo.csproj", "{20E5F298-CA61-45C0-B022-D77E3B7AD6E5}"
EndProject
Project("{FAE04EC0-301F-11D3-BF4B-00C04F79EFBC}") = "09Queue", "09Queue\09Queue.csproj", "{735AA3C5-0819-41AC-BE5B-F80CC0020750}"
EndProject
Project("{FAE04EC0-301F-11D3-BF4B-00C04F79EFBC}") = "Exercicio03_Queue", "Exercicio03_Queue\Exercicio03_Queue.csproj", "{377DC93F-944A-45FF-8DEB-8EAC95D48B54}"
EndProject
Project("{FAE04EC0-301F-11D3-BF4B-00C04F79EFBC}") = "10ColecaoSomenteLeitura", "10ColecaoSomenteLeitura\10ColecaoSomenteLeitura.csproj", "{DF81B129-D4E1-436B-941F-59A06113F1EE}"
EndProject
Project("{FAE04EC0-301F-11D3-BF4B-00C04F79EFBC}") = "Exercicio04", "Exercicio04\Exercicio04.csproj", "{22D4A59A-0009-467C-A6CA-FDE15EBADA1A}"
EndProject
Project("{FAE04EC0-301F-11D3-BF4B-00C04F79EFBC}") = "Exercicio05", "Exercicio05\Exercicio05.csproj", "{E78E7AD0-E8C8-4EF9-B520-0E4B9610D4B0}"
EndProject
Project("{FAE04EC0-301F-11D3-BF4B-00C04F79EFBC}") = "Exercicio06", "Exercicio06\Exercicio06.csproj", "{5266DF67-0144-43C4-846A-D458D5550328}"
EndProject
Project("{FAE04EC0-301F-11D3-BF4B-00C04F79EFBC}") = "Exercicio07", "Exercicio07\Exercicio07.csproj", "{755EFA78-7497-40EC-910C-328D90C33591}"
EndProject
Project("{FAE04EC0-301F-11D3-BF4B-00C04F79EFBC}") = "Exercicio08", "Exercicio08\Exercicio08.csproj", "{FF54F153-CFD1-46B0-9EFF-850BD94119DD}"
EndProject
Global
	GlobalSection(SolutionConfigurationPlatforms) = preSolution
		Debug|Any CPU = Debug|Any CPU
		Release|Any CPU = Release|Any CPU
	EndGlobalSection
	GlobalSection(ProjectConfigurationPlatforms) = postSolution
		{C9B005B6-2E26-470F-940E-37A5D9CA8B6F}.Debug|Any CPU.ActiveCfg = Debug|Any CPU
		{C9B005B6-2E26-470F-940E-37A5D9CA8B6F}.Debug|Any CPU.Build.0 = Debug|Any CPU
		{C9B005B6-2E26-470F-940E-37A5D9CA8B6F}.Release|Any CPU.ActiveCfg = Release|Any CPU
		{C9B005B6-2E26-470F-940E-37A5D9CA8B6F}.Release|Any CPU.Build.0 = Release|Any CPU
		{8D923841-EE5A-4C0E-A9D8-B83C2D479526}.Debug|Any CPU.ActiveCfg = Debug|Any CPU
		{8D923841-EE5A-4C0E-A9D8-B83C2D479526}.Debug|Any CPU.Build.0 = Debug|Any CPU
		{8D923841-EE5A-4C0E-A9D8-B83C2D479526}.Release|Any CPU.ActiveCfg = Release|Any CPU
		{8D923841-EE5A-4C0E-A9D8-B83C2D479526}.Release|Any CPU.Build.0 = Release|Any CPU
		{19816F9C-E2BD-4A19-A506-E05EA237D750}.Debug|Any CPU.ActiveCfg = Debug|Any CPU
		{19816F9C-E2BD-4A19-A506-E05EA237D750}.Debug|Any CPU.Build.0 = Debug|Any CPU
		{19816F9C-E2BD-4A19-A506-E05EA237D750}.Release|Any CPU.ActiveCfg = Release|Any CPU
		{19816F9C-E2BD-4A19-A506-E05EA237D750}.Release|Any CPU.Build.0 = Release|Any CPU
		{8D49CFC1-28D6-48C0-BAC3-9F1CF61A8EC2}.Debug|Any CPU.ActiveCfg = Debug|Any CPU
		{8D49CFC1-28D6-48C0-BAC3-9F1CF61A8EC2}.Debug|Any CPU.Build.0 = Debug|Any CPU
		{8D49CFC1-28D6-48C0-BAC3-9F1CF61A8EC2}.Release|Any CPU.ActiveCfg = Release|Any CPU
		{8D49CFC1-28D6-48C0-BAC3-9F1CF61A8EC2}.Release|Any CPU.Build.0 = Release|Any CPU
		{91A5B37C-D0E9-4D3D-9CFC-4B77BA9424D7}.Debug|Any CPU.ActiveCfg = Debug|Any CPU
		{91A5B37C-D0E9-4D3D-9CFC-4B77BA9424D7}.Debug|Any CPU.Build.0 = Debug|Any CPU
		{91A5B37C-D0E9-4D3D-9CFC-4B77BA9424D7}.Release|Any CPU.ActiveCfg = Release|Any CPU
		{91A5B37C-D0E9-4D3D-9CFC-4B77BA9424D7}.Release|Any CPU.Build.0 = Release|Any CPU
		{B17A2A72-D857-4405-AE20-87B64F286C8E}.Debug|Any CPU.ActiveCfg = Debug|Any CPU
		{B17A2A72-D857-4405-AE20-87B64F286C8E}.Debug|Any CPU.Build.0 = Debug|Any CPU
		{B17A2A72-D857-4405-AE20-87B64F286C8E}.Release|Any CPU.ActiveCfg = Release|Any CPU
		{B17A2A72-D857-4405-AE20-87B64F286C8E}.Release|Any CPU.Build.0 = Release|Any CPU
		{CA07D738-34DF-435C-B512-40B1EDF94A87}.Debug|Any CPU.ActiveCfg = Debug|Any CPU
		{CA07D738-34DF-435C-B512-40B1EDF94A87}.Debug|Any CPU.Build.0 = Debug|Any CPU
		{CA07D738-34DF-435C-B512-40B1EDF94A87}.Release|Any CPU.ActiveCfg = Release|Any CPU
		{CA07D738-34DF-435C-B512-40B1EDF94A87}.Release|Any CPU.Build.0 = Release|Any CPU
		{8EC17162-AA5A-45B2-A49A-A54E5E6A1CA3}.Debug|Any CPU.ActiveCfg = Debug|Any CPU
		{8EC17162-AA5A-45B2-A49A-A54E5E6A1CA3}.Debug|Any CPU.Build.0 = Debug|Any CPU
		{8EC17162-AA5A-45B2-A49A-A54E5E6A1CA3}.Release|Any CPU.ActiveCfg = Release|Any CPU
		{8EC17162-AA5A-45B2-A49A-A54E5E6A1CA3}.Release|Any CPU.Build.0 = Release|Any CPU
		{4020D486-D483-4074-9F0F-A256E4B77A80}.Debug|Any CPU.ActiveCfg = Debug|Any CPU
		{4020D486-D483-4074-9F0F-A256E4B77A80}.Debug|Any CPU.Build.0 = Debug|Any CPU
		{4020D486-D483-4074-9F0F-A256E4B77A80}.Release|Any CPU.ActiveCfg = Release|Any CPU
		{4020D486-D483-4074-9F0F-A256E4B77A80}.Release|Any CPU.Build.0 = Release|Any CPU
		{F5921FE4-71D4-481A-9E6D-FFF81203AA02}.Debug|Any CPU.ActiveCfg = Debug|Any CPU
		{F5921FE4-71D4-481A-9E6D-FFF81203AA02}.Debug|Any CPU.Build.0 = Debug|Any CPU
		{F5921FE4-71D4-481A-9E6D-FFF81203AA02}.Release|Any CPU.ActiveCfg = Release|Any CPU
		{F5921FE4-71D4-481A-9E6D-FFF81203AA02}.Release|Any CPU.Build.0 = Release|Any CPU
		{0A58537F-F795-49A0-809D-1D0F3761AD32}.Debug|Any CPU.ActiveCfg = Debug|Any CPU
		{0A58537F-F795-49A0-809D-1D0F3761AD32}.Debug|Any CPU.Build.0 = Debug|Any CPU
		{0A58537F-F795-49A0-809D-1D0F3761AD32}.Release|Any CPU.ActiveCfg = Release|Any CPU
		{0A58537F-F795-49A0-809D-1D0F3761AD32}.Release|Any CPU.Build.0 = Release|Any CPU
		{1A9AC591-5D09-422E-83CB-5E7C42FACA07}.Debug|Any CPU.ActiveCfg = Debug|Any CPU
		{1A9AC591-5D09-422E-83CB-5E7C42FACA07}.Debug|Any CPU.Build.0 = Debug|Any CPU
		{1A9AC591-5D09-422E-83CB-5E7C42FACA07}.Release|Any CPU.ActiveCfg = Release|Any CPU
		{1A9AC591-5D09-422E-83CB-5E7C42FACA07}.Release|Any CPU.Build.0 = Release|Any CPU
		{20E5F298-CA61-45C0-B022-D77E3B7AD6E5}.Debug|Any CPU.ActiveCfg = Debug|Any CPU
		{20E5F298-CA61-45C0-B022-D77E3B7AD6E5}.Debug|Any CPU.Build.0 = Debug|Any CPU
		{20E5F298-CA61-45C0-B022-D77E3B7AD6E5}.Release|Any CPU.ActiveCfg = Release|Any CPU
		{20E5F298-CA61-45C0-B022-D77E3B7AD6E5}.Release|Any CPU.Build.0 = Release|Any CPU
		{735AA3C5-0819-41AC-BE5B-F80CC0020750}.Debug|Any CPU.ActiveCfg = Debug|Any CPU
		{735AA3C5-0819-41AC-BE5B-F80CC0020750}.Debug|Any CPU.Build.0 = Debug|Any CPU
		{735AA3C5-0819-41AC-BE5B-F80CC0020750}.Release|Any CPU.ActiveCfg = Release|Any CPU
		{735AA3C5-0819-41AC-BE5B-F80CC0020750}.Release|Any CPU.Build.0 = Release|Any CPU
		{377DC93F-944A-45FF-8DEB-8EAC95D48B54}.Debug|Any CPU.ActiveCfg = Debug|Any CPU
		{377DC93F-944A-45FF-8DEB-8EAC95D48B54}.Debug|Any CPU.Build.0 = Debug|Any CPU
		{377DC93F-944A-45FF-8DEB-8EAC95D48B54}.Release|Any CPU.ActiveCfg = Release|Any CPU
		{377DC93F-944A-45FF-8DEB-8EAC95D48B54}.Release|Any CPU.Build.0 = Release|Any CPU
		{DF81B129-D4E1-436B-941F-59A06113F1EE}.Debug|Any CPU.ActiveCfg = Debug|Any CPU
		{DF81B129-D4E1-436B-941F-59A06113F1EE}.Debug|Any CPU.Build.0 = Debug|Any CPU
		{DF81B129-D4E1-436B-941F-59A06113F1EE}.Release|Any CPU.ActiveCfg = Release|Any CPU
		{DF81B129-D4E1-436B-941F-59A06113F1EE}.Release|Any CPU.Build.0 = Release|Any CPU
		{22D4A59A-0009-467C-A6CA-FDE15EBADA1A}.Debug|Any CPU.ActiveCfg = Debug|Any CPU
		{22D4A59A-0009-467C-A6CA-FDE15EBADA1A}.Debug|Any CPU.Build.0 = Debug|Any CPU
		{22D4A59A-0009-467C-A6CA-FDE15EBADA1A}.Release|Any CPU.ActiveCfg = Release|Any CPU
		{22D4A59A-0009-467C-A6CA-FDE15EBADA1A}.Release|Any CPU.Build.0 = Release|Any CPU
		{E78E7AD0-E8C8-4EF9-B520-0E4B9610D4B0}.Debug|Any CPU.ActiveCfg = Debug|Any CPU
		{E78E7AD0-E8C8-4EF9-B520-0E4B9610D4B0}.Debug|Any CPU.Build.0 = Debug|Any CPU
		{E78E7AD0-E8C8-4EF9-B520-0E4B9610D4B0}.Release|Any CPU.ActiveCfg = Release|Any CPU
		{E78E7AD0-E8C8-4EF9-B520-0E4B9610D4B0}.Release|Any CPU.Build.0 = Release|Any CPU
		{5266DF67-0144-43C4-846A-D458D5550328}.Debug|Any CPU.ActiveCfg = Debug|Any CPU
		{5266DF67-0144-43C4-846A-D458D5550328}.Debug|Any CPU.Build.0 = Debug|Any CPU
		{5266DF67-0144-43C4-846A-D458D5550328}.Release|Any CPU.ActiveCfg = Release|Any CPU
		{5266DF67-0144-43C4-846A-D458D5550328}.Release|Any CPU.Build.0 = Release|Any CPU
		{755EFA78-7497-40EC-910C-328D90C33591}.Debug|Any CPU.ActiveCfg = Debug|Any CPU
		{755EFA78-7497-40EC-910C-328D90C33591}.Debug|Any CPU.Build.0 = Debug|Any CPU
		{755EFA78-7497-40EC-910C-328D90C33591}.Release|Any CPU.ActiveCfg = Release|Any CPU
		{755EFA78-7497-40EC-910C-328D90C33591}.Release|Any CPU.Build.0 = Release|Any CPU
		{FF54F153-CFD1-46B0-9EFF-850BD94119DD}.Debug|Any CPU.ActiveCfg = Debug|Any CPU
		{FF54F153-CFD1-46B0-9EFF-850BD94119DD}.Debug|Any CPU.Build.0 = Debug|Any CPU
		{FF54F153-CFD1-46B0-9EFF-850BD94119DD}.Release|Any CPU.ActiveCfg = Release|Any CPU
		{FF54F153-CFD1-46B0-9EFF-850BD94119DD}.Release|Any CPU.Build.0 = Release|Any CPU
	EndGlobalSection
	GlobalSection(SolutionProperties) = preSolution
		HideSolutionNode = FALSE
	EndGlobalSection
	GlobalSection(NestedProjects) = preSolution
		{8D923841-EE5A-4C0E-A9D8-B83C2D479526} = {C5435220-CDA2-46FA-A2AA-22EE5C5E1F3E}
		{B17A2A72-D857-4405-AE20-87B64F286C8E} = {C5435220-CDA2-46FA-A2AA-22EE5C5E1F3E}
		{CA07D738-34DF-435C-B512-40B1EDF94A87} = {C5435220-CDA2-46FA-A2AA-22EE5C5E1F3E}
		{377DC93F-944A-45FF-8DEB-8EAC95D48B54} = {C5435220-CDA2-46FA-A2AA-22EE5C5E1F3E}
		{22D4A59A-0009-467C-A6CA-FDE15EBADA1A} = {C5435220-CDA2-46FA-A2AA-22EE5C5E1F3E}
		{E78E7AD0-E8C8-4EF9-B520-0E4B9610D4B0} = {C5435220-CDA2-46FA-A2AA-22EE5C5E1F3E}
		{5266DF67-0144-43C4-846A-D458D5550328} = {C5435220-CDA2-46FA-A2AA-22EE5C5E1F3E}
		{755EFA78-7497-40EC-910C-328D90C33591} = {C5435220-CDA2-46FA-A2AA-22EE5C5E1F3E}
		{FF54F153-CFD1-46B0-9EFF-850BD94119DD} = {C5435220-CDA2-46FA-A2AA-22EE5C5E1F3E}
	EndGlobalSection
	GlobalSection(ExtensibilityGlobals) = postSolution
		SolutionGuid = {B50524A3-C636-40C8-A770-B8B204F4EAE6}
	EndGlobalSection
EndGlobal
